// !$*UTF8*$!
{
	archiveVersion = 1;
	classes = {
	};
	objectVersion = 50;
	objects = {

/* Begin PBXBuildFile section */
		3BF726D421868AC50047E8CB /* AppDelegate.swift in Sources */ = {isa = PBXBuildFile; fileRef = 3BF726D321868AC50047E8CB /* AppDelegate.swift */; };
		3BF726D621868AC50047E8CB /* FirstViewController.swift in Sources */ = {isa = PBXBuildFile; fileRef = 3BF726D521868AC50047E8CB /* FirstViewController.swift */; };
		3BF726D821868AC50047E8CB /* SecondViewController.swift in Sources */ = {isa = PBXBuildFile; fileRef = 3BF726D721868AC50047E8CB /* SecondViewController.swift */; };
		3BF726DB21868AC50047E8CB /* Main.storyboard in Resources */ = {isa = PBXBuildFile; fileRef = 3BF726D921868AC50047E8CB /* Main.storyboard */; };
		3BF726DD21868AC60047E8CB /* Assets.xcassets in Resources */ = {isa = PBXBuildFile; fileRef = 3BF726DC21868AC60047E8CB /* Assets.xcassets */; };
		3BF726E021868AC60047E8CB /* LaunchScreen.storyboard in Resources */ = {isa = PBXBuildFile; fileRef = 3BF726DE21868AC60047E8CB /* LaunchScreen.storyboard */; };
		3BF726EB21868AC60047E8CB /* casamobileTests.swift in Sources */ = {isa = PBXBuildFile; fileRef = 3BF726EA21868AC60047E8CB /* casamobileTests.swift */; };
		3BF726F621868AC60047E8CB /* casamobileUITests.swift in Sources */ = {isa = PBXBuildFile; fileRef = 3BF726F521868AC60047E8CB /* casamobileUITests.swift */; };
/* End PBXBuildFile section */

/* Begin PBXContainerItemProxy section */
		3BF726E721868AC60047E8CB /* PBXContainerItemProxy */ = {
			isa = PBXContainerItemProxy;
			containerPortal = 3BF726C821868AC50047E8CB /* Project object */;
			proxyType = 1;
			remoteGlobalIDString = 3BF726CF21868AC50047E8CB;
			remoteInfo = casamobile;
		};
		3BF726F221868AC60047E8CB /* PBXContainerItemProxy */ = {
			isa = PBXContainerItemProxy;
			containerPortal = 3BF726C821868AC50047E8CB /* Project object */;
			proxyType = 1;
			remoteGlobalIDString = 3BF726CF21868AC50047E8CB;
			remoteInfo = casamobile;
		};
/* End PBXContainerItemProxy section */

/* Begin PBXFileReference section */
		3BF726D021868AC50047E8CB /* casamobile.app */ = {isa = PBXFileReference; explicitFileType = wrapper.application; includeInIndex = 0; path = casamobile.app; sourceTree = BUILT_PRODUCTS_DIR; };
		3BF726D321868AC50047E8CB /* AppDelegate.swift */ = {isa = PBXFileReference; lastKnownFileType = sourcecode.swift; path = AppDelegate.swift; sourceTree = "<group>"; };
		3BF726D521868AC50047E8CB /* FirstViewController.swift */ = {isa = PBXFileReference; lastKnownFileType = sourcecode.swift; path = FirstViewController.swift; sourceTree = "<group>"; };
		3BF726D721868AC50047E8CB /* SecondViewController.swift */ = {isa = PBXFileReference; lastKnownFileType = sourcecode.swift; path = SecondViewController.swift; sourceTree = "<group>"; };
		3BF726DA21868AC50047E8CB /* Base */ = {isa = PBXFileReference; lastKnownFileType = file.storyboard; name = Base; path = Base.lproj/Main.storyboard; sourceTree = "<group>"; };
		3BF726DC21868AC60047E8CB /* Assets.xcassets */ = {isa = PBXFileReference; lastKnownFileType = folder.assetcatalog; path = Assets.xcassets; sourceTree = "<group>"; };
		3BF726DF21868AC60047E8CB /* Base */ = {isa = PBXFileReference; lastKnownFileType = file.storyboard; name = Base; path = Base.lproj/LaunchScreen.storyboard; sourceTree = "<group>"; };
		3BF726E121868AC60047E8CB /* Info.plist */ = {isa = PBXFileReference; lastKnownFileType = text.plist.xml; path = Info.plist; sourceTree = "<group>"; };
		3BF726E621868AC60047E8CB /* casamobileTests.xctest */ = {isa = PBXFileReference; explicitFileType = wrapper.cfbundle; includeInIndex = 0; path = casamobileTests.xctest; sourceTree = BUILT_PRODUCTS_DIR; };
		3BF726EA21868AC60047E8CB /* casamobileTests.swift */ = {isa = PBXFileReference; lastKnownFileType = sourcecode.swift; path = casamobileTests.swift; sourceTree = "<group>"; };
		3BF726EC21868AC60047E8CB /* Info.plist */ = {isa = PBXFileReference; lastKnownFileType = text.plist.xml; path = Info.plist; sourceTree = "<group>"; };
		3BF726F121868AC60047E8CB /* casamobileUITests.xctest */ = {isa = PBXFileReference; explicitFileType = wrapper.cfbundle; includeInIndex = 0; path = casamobileUITests.xctest; sourceTree = BUILT_PRODUCTS_DIR; };
		3BF726F521868AC60047E8CB /* casamobileUITests.swift */ = {isa = PBXFileReference; lastKnownFileType = sourcecode.swift; path = casamobileUITests.swift; sourceTree = "<group>"; };
		3BF726F721868AC60047E8CB /* Info.plist */ = {isa = PBXFileReference; lastKnownFileType = text.plist.xml; path = Info.plist; sourceTree = "<group>"; };
/* End PBXFileReference section */

/* Begin PBXFrameworksBuildPhase section */
		3BF726CD21868AC50047E8CB /* Frameworks */ = {
			isa = PBXFrameworksBuildPhase;
			buildActionMask = 2147483647;
			files = (
			);
			runOnlyForDeploymentPostprocessing = 0;
		};
		3BF726E321868AC60047E8CB /* Frameworks */ = {
			isa = PBXFrameworksBuildPhase;
			buildActionMask = 2147483647;
			files = (
			);
			runOnlyForDeploymentPostprocessing = 0;
		};
		3BF726EE21868AC60047E8CB /* Frameworks */ = {
			isa = PBXFrameworksBuildPhase;
			buildActionMask = 2147483647;
			files = (
			);
			runOnlyForDeploymentPostprocessing = 0;
		};
/* End PBXFrameworksBuildPhase section */

/* Begin PBXGroup section */
		3BF726C721868AC50047E8CB = {
			isa = PBXGroup;
			children = (
				3BF726D221868AC50047E8CB /* casamobile */,
				3BF726E921868AC60047E8CB /* casamobileTests */,
				3BF726F421868AC60047E8CB /* casamobileUITests */,
				3BF726D121868AC50047E8CB /* Products */,
			);
			sourceTree = "<group>";
		};
		3BF726D121868AC50047E8CB /* Products */ = {
			isa = PBXGroup;
			children = (
				3BF726D021868AC50047E8CB /* casamobile.app */,
				3BF726E621868AC60047E8CB /* casamobileTests.xctest */,
				3BF726F121868AC60047E8CB /* casamobileUITests.xctest */,
			);
			name = Products;
			sourceTree = "<group>";
		};
		3BF726D221868AC50047E8CB /* casamobile */ = {
			isa = PBXGroup;
			children = (
				3BF726D321868AC50047E8CB /* AppDelegate.swift */,
				3BF726D521868AC50047E8CB /* FirstViewController.swift */,
				3BF726D721868AC50047E8CB /* SecondViewController.swift */,
				3BF726D921868AC50047E8CB /* Main.storyboard */,
				3BF726DC21868AC60047E8CB /* Assets.xcassets */,
				3BF726DE21868AC60047E8CB /* LaunchScreen.storyboard */,
				3BF726E121868AC60047E8CB /* Info.plist */,
			);
			path = casamobile;
			sourceTree = "<group>";
		};
		3BF726E921868AC60047E8CB /* casamobileTests */ = {
			isa = PBXGroup;
			children = (
				3BF726EA21868AC60047E8CB /* casamobileTests.swift */,
				3BF726EC21868AC60047E8CB /* Info.plist */,
			);
			path = casamobileTests;
			sourceTree = "<group>";
		};
		3BF726F421868AC60047E8CB /* casamobileUITests */ = {
			isa = PBXGroup;
			children = (
				3BF726F521868AC60047E8CB /* casamobileUITests.swift */,
				3BF726F721868AC60047E8CB /* Info.plist */,
			);
			path = casamobileUITests;
			sourceTree = "<group>";
		};
/* End PBXGroup section */

/* Begin PBXNativeTarget section */
		3BF726CF21868AC50047E8CB /* casamobile */ = {
			isa = PBXNativeTarget;
			buildConfigurationList = 3BF726FA21868AC60047E8CB /* Build configuration list for PBXNativeTarget "casamobile" */;
			buildPhases = (
				3BF726CC21868AC50047E8CB /* Sources */,
				3BF726CD21868AC50047E8CB /* Frameworks */,
				3BF726CE21868AC50047E8CB /* Resources */,
			);
			buildRules = (
			);
			dependencies = (
			);
			name = casamobile;
			productName = casamobile;
			productReference = 3BF726D021868AC50047E8CB /* casamobile.app */;
			productType = "com.apple.product-type.application";
		};
		3BF726E521868AC60047E8CB /* casamobileTests */ = {
			isa = PBXNativeTarget;
			buildConfigurationList = 3BF726FD21868AC60047E8CB /* Build configuration list for PBXNativeTarget "casamobileTests" */;
			buildPhases = (
				3BF726E221868AC60047E8CB /* Sources */,
				3BF726E321868AC60047E8CB /* Frameworks */,
				3BF726E421868AC60047E8CB /* Resources */,
			);
			buildRules = (
			);
			dependencies = (
				3BF726E821868AC60047E8CB /* PBXTargetDependency */,
			);
			name = casamobileTests;
			productName = casamobileTests;
			productReference = 3BF726E621868AC60047E8CB /* casamobileTests.xctest */;
			productType = "com.apple.product-type.bundle.unit-test";
		};
		3BF726F021868AC60047E8CB /* casamobileUITests */ = {
			isa = PBXNativeTarget;
			buildConfigurationList = 3BF7270021868AC60047E8CB /* Build configuration list for PBXNativeTarget "casamobileUITests" */;
			buildPhases = (
				3BF726ED21868AC60047E8CB /* Sources */,
				3BF726EE21868AC60047E8CB /* Frameworks */,
				3BF726EF21868AC60047E8CB /* Resources */,
			);
			buildRules = (
			);
			dependencies = (
				3BF726F321868AC60047E8CB /* PBXTargetDependency */,
			);
			name = casamobileUITests;
			productName = casamobileUITests;
			productReference = 3BF726F121868AC60047E8CB /* casamobileUITests.xctest */;
			productType = "com.apple.product-type.bundle.ui-testing";
		};
/* End PBXNativeTarget section */

/* Begin PBXProject section */
		3BF726C821868AC50047E8CB /* Project object */ = {
			isa = PBXProject;
			attributes = {
				LastSwiftUpdateCheck = 1000;
				LastUpgradeCheck = 1000;
				ORGANIZATIONNAME = "Alexios Ladikos";
				TargetAttributes = {
					3BF726CF21868AC50047E8CB = {
						CreatedOnToolsVersion = 10.0;
					};
					3BF726E521868AC60047E8CB = {
						CreatedOnToolsVersion = 10.0;
						TestTargetID = 3BF726CF21868AC50047E8CB;
					};
					3BF726F021868AC60047E8CB = {
						CreatedOnToolsVersion = 10.0;
						TestTargetID = 3BF726CF21868AC50047E8CB;
					};
				};
			};
			buildConfigurationList = 3BF726CB21868AC50047E8CB /* Build configuration list for PBXProject "casamobile" */;
			compatibilityVersion = "Xcode 9.3";
			developmentRegion = en;
			hasScannedForEncodings = 0;
			knownRegions = (
				en,
				Base,
			);
			mainGroup = 3BF726C721868AC50047E8CB;
			productRefGroup = 3BF726D121868AC50047E8CB /* Products */;
			projectDirPath = "";
			projectRoot = "";
			targets = (
				3BF726CF21868AC50047E8CB /* casamobile */,
				3BF726E521868AC60047E8CB /* casamobileTests */,
				3BF726F021868AC60047E8CB /* casamobileUITests */,
			);
		};
/* End PBXProject section */

/* Begin PBXResourcesBuildPhase section */
		3BF726CE21868AC50047E8CB /* Resources */ = {
			isa = PBXResourcesBuildPhase;
			buildActionMask = 2147483647;
			files = (
				3BF726E021868AC60047E8CB /* LaunchScreen.storyboard in Resources */,
				3BF726DD21868AC60047E8CB /* Assets.xcassets in Resources */,
				3BF726DB21868AC50047E8CB /* Main.storyboard in Resources */,
			);
			runOnlyForDeploymentPostprocessing = 0;
		};
		3BF726E421868AC60047E8CB /* Resources */ = {
			isa = PBXResourcesBuildPhase;
			buildActionMask = 2147483647;
			files = (
			);
			runOnlyForDeploymentPostprocessing = 0;
		};
		3BF726EF21868AC60047E8CB /* Resources */ = {
			isa = PBXResourcesBuildPhase;
			buildActionMask = 2147483647;
			files = (
			);
			runOnlyForDeploymentPostprocessing = 0;
		};
/* End PBXResourcesBuildPhase section */

/* Begin PBXSourcesBuildPhase section */
		3BF726CC21868AC50047E8CB /* Sources */ = {
			isa = PBXSourcesBuildPhase;
			buildActionMask = 2147483647;
			files = (
				3BF726D821868AC50047E8CB /* SecondViewController.swift in Sources */,
				3BF726D421868AC50047E8CB /* AppDelegate.swift in Sources */,
				3BF726D621868AC50047E8CB /* FirstViewController.swift in Sources */,
			);
			runOnlyForDeploymentPostprocessing = 0;
		};
		3BF726E221868AC60047E8CB /* Sources */ = {
			isa = PBXSourcesBuildPhase;
			buildActionMask = 2147483647;
			files = (
				3BF726EB21868AC60047E8CB /* casamobileTests.swift in Sources */,
			);
			runOnlyForDeploymentPostprocessing = 0;
		};
		3BF726ED21868AC60047E8CB /* Sources */ = {
			isa = PBXSourcesBuildPhase;
			buildActionMask = 2147483647;
			files = (
				3BF726F621868AC60047E8CB /* casamobileUITests.swift in Sources */,
			);
			runOnlyForDeploymentPostprocessing = 0;
		};
/* End PBXSourcesBuildPhase section */

/* Begin PBXTargetDependency section */
		3BF726E821868AC60047E8CB /* PBXTargetDependency */ = {
			isa = PBXTargetDependency;
			target = 3BF726CF21868AC50047E8CB /* casamobile */;
			targetProxy = 3BF726E721868AC60047E8CB /* PBXContainerItemProxy */;
		};
		3BF726F321868AC60047E8CB /* PBXTargetDependency */ = {
			isa = PBXTargetDependency;
			target = 3BF726CF21868AC50047E8CB /* casamobile */;
			targetProxy = 3BF726F221868AC60047E8CB /* PBXContainerItemProxy */;
		};
/* End PBXTargetDependency section */

/* Begin PBXVariantGroup section */
		3BF726D921868AC50047E8CB /* Main.storyboard */ = {
			isa = PBXVariantGroup;
			children = (
				3BF726DA21868AC50047E8CB /* Base */,
			);
			name = Main.storyboard;
			sourceTree = "<group>";
		};
		3BF726DE21868AC60047E8CB /* LaunchScreen.storyboard */ = {
			isa = PBXVariantGroup;
			children = (
				3BF726DF21868AC60047E8CB /* Base */,
			);
			name = LaunchScreen.storyboard;
			sourceTree = "<group>";
		};
/* End PBXVariantGroup section */

/* Begin XCBuildConfiguration section */
		3BF726F821868AC60047E8CB /* Debug */ = {
			isa = XCBuildConfiguration;
			buildSettings = {
				ALWAYS_SEARCH_USER_PATHS = NO;
				CLANG_ANALYZER_NONNULL = YES;
				CLANG_ANALYZER_NUMBER_OBJECT_CONVERSION = YES_AGGRESSIVE;
				CLANG_CXX_LANGUAGE_STANDARD = "gnu++14";
				CLANG_CXX_LIBRARY = "libc++";
				CLANG_ENABLE_MODULES = YES;
				CLANG_ENABLE_OBJC_ARC = YES;
				CLANG_ENABLE_OBJC_WEAK = YES;
				CLANG_WARN_BLOCK_CAPTURE_AUTORELEASING = YES;
				CLANG_WARN_BOOL_CONVERSION = YES;
				CLANG_WARN_COMMA = YES;
				CLANG_WARN_CONSTANT_CONVERSION = YES;
				CLANG_WARN_DEPRECATED_OBJC_IMPLEMENTATIONS = YES;
				CLANG_WARN_DIRECT_OBJC_ISA_USAGE = YES_ERROR;
				CLANG_WARN_DOCUMENTATION_COMMENTS = YES;
				CLANG_WARN_EMPTY_BODY = YES;
				CLANG_WARN_ENUM_CONVERSION = YES;
				CLANG_WARN_INFINITE_RECURSION = YES;
				CLANG_WARN_INT_CONVERSION = YES;
				CLANG_WARN_NON_LITERAL_NULL_CONVERSION = YES;
				CLANG_WARN_OBJC_IMPLICIT_RETAIN_SELF = YES;
				CLANG_WARN_OBJC_LITERAL_CONVERSION = YES;
				CLANG_WARN_OBJC_ROOT_CLASS = YES_ERROR;
				CLANG_WARN_RANGE_LOOP_ANALYSIS = YES;
				CLANG_WARN_STRICT_PROTOTYPES = YES;
				CLANG_WARN_SUSPICIOUS_MOVE = YES;
				CLANG_WARN_UNGUARDED_AVAILABILITY = YES_AGGRESSIVE;
				CLANG_WARN_UNREACHABLE_CODE = YES;
				CLANG_WARN__DUPLICATE_METHOD_MATCH = YES;
				CODE_SIGN_IDENTITY = "iPhone Developer";
				COPY_PHASE_STRIP = NO;
				DEBUG_INFORMATION_FORMAT = dwarf;
				ENABLE_STRICT_OBJC_MSGSEND = YES;
				ENABLE_TESTABILITY = YES;
				GCC_C_LANGUAGE_STANDARD = gnu11;
				GCC_DYNAMIC_NO_PIC = NO;
				GCC_NO_COMMON_BLOCKS = YES;
				GCC_OPTIMIZATION_LEVEL = 0;
				GCC_PREPROCESSOR_DEFINITIONS = (
					"DEBUG=1",
					"$(inherited)",
				);
				GCC_WARN_64_TO_32_BIT_CONVERSION = YES;
				GCC_WARN_ABOUT_RETURN_TYPE = YES_ERROR;
				GCC_WARN_UNDECLARED_SELECTOR = YES;
				GCC_WARN_UNINITIALIZED_AUTOS = YES_AGGRESSIVE;
				GCC_WARN_UNUSED_FUNCTION = YES;
				GCC_WARN_UNUSED_VARIABLE = YES;
				IPHONEOS_DEPLOYMENT_TARGET = 12.0;
				MTL_ENABLE_DEBUG_INFO = INCLUDE_SOURCE;
				MTL_FAST_MATH = YES;
				ONLY_ACTIVE_ARCH = YES;
				SDKROOT = iphoneos;
				SWIFT_ACTIVE_COMPILATION_CONDITIONS = DEBUG;
				SWIFT_OPTIMIZATION_LEVEL = "-Onone";
			};
			name = Debug;
		};
		3BF726F921868AC60047E8CB /* Release */ = {
			isa = XCBuildConfiguration;
			buildSettings = {
				ALWAYS_SEARCH_USER_PATHS = NO;
				CLANG_ANALYZER_NONNULL = YES;
				CLANG_ANALYZER_NUMBER_OBJECT_CONVERSION = YES_AGGRESSIVE;
				CLANG_CXX_LANGUAGE_STANDARD = "gnu++14";
				CLANG_CXX_LIBRARY = "libc++";
				CLANG_ENABLE_MODULES = YES;
				CLANG_ENABLE_OBJC_ARC = YES;
				CLANG_ENABLE_OBJC_WEAK = YES;
				CLANG_WARN_BLOCK_CAPTURE_AUTORELEASING = YES;
				CLANG_WARN_BOOL_CONVERSION = YES;
				CLANG_WARN_COMMA = YES;
				CLANG_WARN_CONSTANT_CONVERSION = YES;
				CLANG_WARN_DEPRECATED_OBJC_IMPLEMENTATIONS = YES;
				CLANG_WARN_DIRECT_OBJC_ISA_USAGE = YES_ERROR;
				CLANG_WARN_DOCUMENTATION_COMMENTS = YES;
				CLANG_WARN_EMPTY_BODY = YES;
				CLANG_WARN_ENUM_CONVERSION = YES;
				CLANG_WARN_INFINITE_RECURSION = YES;
				CLANG_WARN_INT_CONVERSION = YES;
				CLANG_WARN_NON_LITERAL_NULL_CONVERSION = YES;
				CLANG_WARN_OBJC_IMPLICIT_RETAIN_SELF = YES;
				CLANG_WARN_OBJC_LITERAL_CONVERSION = YES;
				CLANG_WARN_OBJC_ROOT_CLASS = YES_ERROR;
				CLANG_WARN_RANGE_LOOP_ANALYSIS = YES;
				CLANG_WARN_STRICT_PROTOTYPES = YES;
				CLANG_WARN_SUSPICIOUS_MOVE = YES;
				CLANG_WARN_UNGUARDED_AVAILABILITY = YES_AGGRESSIVE;
				CLANG_WARN_UNREACHABLE_CODE = YES;
				CLANG_WARN__DUPLICATE_METHOD_MATCH = YES;
				CODE_SIGN_IDENTITY = "iPhone Developer";
				COPY_PHASE_STRIP = NO;
				DEBUG_INFORMATION_FORMAT = "dwarf-with-dsym";
				ENABLE_NS_ASSERTIONS = NO;
				ENABLE_STRICT_OBJC_MSGSEND = YES;
				GCC_C_LANGUAGE_STANDARD = gnu11;
				GCC_NO_COMMON_BLOCKS = YES;
				GCC_WARN_64_TO_32_BIT_CONVERSION = YES;
				GCC_WARN_ABOUT_RETURN_TYPE = YES_ERROR;
				GCC_WARN_UNDECLARED_SELECTOR = YES;
				GCC_WARN_UNINITIALIZED_AUTOS = YES_AGGRESSIVE;
				GCC_WARN_UNUSED_FUNCTION = YES;
				GCC_WARN_UNUSED_VARIABLE = YES;
				IPHONEOS_DEPLOYMENT_TARGET = 12.0;
				MTL_ENABLE_DEBUG_INFO = NO;
				MTL_FAST_MATH = YES;
				SDKROOT = iphoneos;
				SWIFT_COMPILATION_MODE = wholemodule;
				SWIFT_OPTIMIZATION_LEVEL = "-O";
				VALIDATE_PRODUCT = YES;
			};
			name = Release;
		};
		3BF726FB21868AC60047E8CB /* Debug */ = {
			isa = XCBuildConfiguration;
			buildSettings = {
				ASSETCATALOG_COMPILER_APPICON_NAME = AppIcon;
				CODE_SIGN_STYLE = Automatic;
				DEVELOPMENT_TEAM = 6Y569X7749;
				INFOPLIST_FILE = casamobile/Info.plist;
				LD_RUNPATH_SEARCH_PATHS = (
					"$(inherited)",
					"@executable_path/Frameworks",
				);
				PRODUCT_BUNDLE_IDENTIFIER = com.casamobile;
				PRODUCT_NAME = "$(TARGET_NAME)";
				SWIFT_VERSION = 4.2;
				TARGETED_DEVICE_FAMILY = "1,2";
			};
			name = Debug;
		};
		3BF726FC21868AC60047E8CB /* Release */ = {
			isa = XCBuildConfiguration;
			buildSettings = {
				ASSETCATALOG_COMPILER_APPICON_NAME = AppIcon;
				CODE_SIGN_STYLE = Automatic;
				DEVELOPMENT_TEAM = 6Y569X7749;
				INFOPLIST_FILE = casamobile/Info.plist;
				LD_RUNPATH_SEARCH_PATHS = (
					"$(inherited)",
					"@executable_path/Frameworks",
				);
				PRODUCT_BUNDLE_IDENTIFIER = com.casamobile;
				PRODUCT_NAME = "$(TARGET_NAME)";
				SWIFT_VERSION = 4.2;
				TARGETED_DEVICE_FAMILY = "1,2";
			};
			name = Release;
		};
		3BF726FE21868AC60047E8CB /* Debug */ = {
			isa = XCBuildConfiguration;
			buildSettings = {
				ALWAYS_EMBED_SWIFT_STANDARD_LIBRARIES = YES;
				BUNDLE_LOADER = "$(TEST_HOST)";
				CODE_SIGN_STYLE = Automatic;
				DEVELOPMENT_TEAM = 6Y569X7749;
				INFOPLIST_FILE = casamobileTests/Info.plist;
				LD_RUNPATH_SEARCH_PATHS = (
					"$(inherited)",
					"@executable_path/Frameworks",
					"@loader_path/Frameworks",
				);
				PRODUCT_BUNDLE_IDENTIFIER = com.casamobileTests;
				PRODUCT_NAME = "$(TARGET_NAME)";
				SWIFT_VERSION = 4.2;
				TARGETED_DEVICE_FAMILY = "1,2";
				TEST_HOST = "$(BUILT_PRODUCTS_DIR)/casamobile.app/casamobile";
			};
			name = Debug;
		};
		3BF726FF21868AC60047E8CB /* Release */ = {
			isa = XCBuildConfiguration;
			buildSettings = {
				ALWAYS_EMBED_SWIFT_STANDARD_LIBRARIES = YES;
				BUNDLE_LOADER = "$(TEST_HOST)";
				CODE_SIGN_STYLE = Automatic;
				DEVELOPMENT_TEAM = 6Y569X7749;
				INFOPLIST_FILE = casamobileTests/Info.plist;
				LD_RUNPATH_SEARCH_PATHS = (
					"$(inherited)",
					"@executable_path/Frameworks",
					"@loader_path/Frameworks",
				);
				PRODUCT_BUNDLE_IDENTIFIER = com.casamobileTests;
				PRODUCT_NAME = "$(TARGET_NAME)";
				SWIFT_VERSION = 4.2;
				TARGETED_DEVICE_FAMILY = "1,2";
				TEST_HOST = "$(BUILT_PRODUCTS_DIR)/casamobile.app/casamobile";
			};
			name = Release;
		};
		3BF7270121868AC60047E8CB /* Debug */ = {
			isa = XCBuildConfiguration;
			buildSettings = {
				ALWAYS_EMBED_SWIFT_STANDARD_LIBRARIES = YES;
				CODE_SIGN_STYLE = Automatic;
				DEVELOPMENT_TEAM = 6Y569X7749;
				INFOPLIST_FILE = casamobileUITests/Info.plist;
				LD_RUNPATH_SEARCH_PATHS = (
					"$(inherited)",
					"@executable_path/Frameworks",
					"@loader_path/Frameworks",
				);
				PRODUCT_BUNDLE_IDENTIFIER = com.casamobileUITests;
				PRODUCT_NAME = "$(TARGET_NAME)";
				SWIFT_VERSION = 4.2;
				TARGETED_DEVICE_FAMILY = "1,2";
				TEST_TARGET_NAME = casamobile;
			};
			name = Debug;
		};
		3BF7270221868AC60047E8CB /* Release */ = {
			isa = XCBuildConfiguration;
			buildSettings = {
				ALWAYS_EMBED_SWIFT_STANDARD_LIBRARIES = YES;
				CODE_SIGN_STYLE = Automatic;
				DEVELOPMENT_TEAM = 6Y569X7749;
				INFOPLIST_FILE = casamobileUITests/Info.plist;
				LD_RUNPATH_SEARCH_PATHS = (
					"$(inherited)",
					"@executable_path/Frameworks",
					"@loader_path/Frameworks",
				);
				PRODUCT_BUNDLE_IDENTIFIER = com.casamobileUITests;
				PRODUCT_NAME = "$(TARGET_NAME)";
				SWIFT_VERSION = 4.2;
				TARGETED_DEVICE_FAMILY = "1,2";
				TEST_TARGET_NAME = casamobile;
			};
			name = Release;
		};
/* End XCBuildConfiguration section */

/* Begin XCConfigurationList section */
		3BF726CB21868AC50047E8CB /* Build configuration list for PBXProject "casamobile" */ = {
			isa = XCConfigurationList;
			buildConfigurations = (
				3BF726F821868AC60047E8CB /* Debug */,
				3BF726F921868AC60047E8CB /* Release */,
			);
			defaultConfigurationIsVisible = 0;
			defaultConfigurationName = Release;
		};
		3BF726FA21868AC60047E8CB /* Build configuration list for PBXNativeTarget "casamobile" */ = {
			isa = XCConfigurationList;
			buildConfigurations = (
				3BF726FB21868AC60047E8CB /* Debug */,
				3BF726FC21868AC60047E8CB /* Release */,
			);
			defaultConfigurationIsVisible = 0;
			defaultConfigurationName = Release;
		};
		3BF726FD21868AC60047E8CB /* Build configuration list for PBXNativeTarget "casamobileTests" */ = {
			isa = XCConfigurationList;
			buildConfigurations = (
				3BF726FE21868AC60047E8CB /* Debug */,
				3BF726FF21868AC60047E8CB /* Release */,
			);
			defaultConfigurationIsVisible = 0;
			defaultConfigurationName = Release;
		};
		3BF7270021868AC60047E8CB /* Build configuration list for PBXNativeTarget "casamobileUITests" */ = {
			isa = XCConfigurationList;
			buildConfigurations = (
				3BF7270121868AC60047E8CB /* Debug */,
				3BF7270221868AC60047E8CB /* Release */,
			);
			defaultConfigurationIsVisible = 0;
			defaultConfigurationName = Release;
		};
/* End XCConfigurationList section */
	};
	rootObject = 3BF726C821868AC50047E8CB /* Project object */;
}
